
Microsoft Visual Studio Solution File, Format Version 12.00
# Visual Studio Version 17
VisualStudioVersion = 17.4.33213.308
MinimumVisualStudioVersion = 10.0.40219.1
Project("{9A19103F-16F7-4668-BE54-9A1E7A4F7556}") = "ToDo.Server", "Server\ToDo.Server.csproj", "{3234DA8C-08C9-4803-B8B7-CA0628F2D2D9}"
EndProject
Project("{9A19103F-16F7-4668-BE54-9A1E7A4F7556}") = "ToDo.Client", "Client\ToDo.Client.csproj", "{EE93BC97-53E0-4742-91ED-4C720AF59C8E}"
EndProject
Project("{9A19103F-16F7-4668-BE54-9A1E7A4F7556}") = "ToDo.Shared", "Shared\ToDo.Shared.csproj", "{562EC87A-D029-4768-8F5A-83EF8F9B1739}"
EndProject
Project("{9A19103F-16F7-4668-BE54-9A1E7A4F7556}") = "Todo.WebUI", "WebUI\Todo.WebUI.csproj", "{DA63FEF8-011E-4F3E-9355-6B606EA401C4}"
EndProject
Project("{2150E333-8FDC-42A3-9474-1A3956D46DE8}") = "Solution Items", "Solution Items", "{745E4B88-76A2-4FF5-9C84-017BD2A28107}"
	ProjectSection(SolutionItems) = preProject
		test.txt = test.txt
	EndProjectSection
EndProject
Project("{E53339B2-1760-4266-BCC7-CA923CBCF16C}") = "docker-compose", "docker-compose.dcproj", "{DE461B89-FA1D-4285-A9F9-C312614E0D96}"
EndProject
Global
	GlobalSection(SolutionConfigurationPlatforms) = preSolution
		Debug|Any CPU = Debug|Any CPU
		Debug|x64 = Debug|x64
		Release|Any CPU = Release|Any CPU
		Release|x64 = Release|x64
	EndGlobalSection
	GlobalSection(ProjectConfigurationPlatforms) = postSolution
		{3234DA8C-08C9-4803-B8B7-CA0628F2D2D9}.Debug|Any CPU.ActiveCfg = Debug|Any CPU
		{3234DA8C-08C9-4803-B8B7-CA0628F2D2D9}.Debug|Any CPU.Build.0 = Debug|Any CPU
		{3234DA8C-08C9-4803-B8B7-CA0628F2D2D9}.Debug|x64.ActiveCfg = Debug|Any CPU
		{3234DA8C-08C9-4803-B8B7-CA0628F2D2D9}.Debug|x64.Build.0 = Debug|Any CPU
		{3234DA8C-08C9-4803-B8B7-CA0628F2D2D9}.Release|Any CPU.ActiveCfg = Release|Any CPU
		{3234DA8C-08C9-4803-B8B7-CA0628F2D2D9}.Release|Any CPU.Build.0 = Release|Any CPU
		{3234DA8C-08C9-4803-B8B7-CA0628F2D2D9}.Release|x64.ActiveCfg = Release|Any CPU
		{3234DA8C-08C9-4803-B8B7-CA0628F2D2D9}.Release|x64.Build.0 = Release|Any CPU
		{EE93BC97-53E0-4742-91ED-4C720AF59C8E}.Debug|Any CPU.ActiveCfg = Debug|Any CPU
		{EE93BC97-53E0-4742-91ED-4C720AF59C8E}.Debug|Any CPU.Build.0 = Debug|Any CPU
		{EE93BC97-53E0-4742-91ED-4C720AF59C8E}.Debug|x64.ActiveCfg = Debug|Any CPU
		{EE93BC97-53E0-4742-91ED-4C720AF59C8E}.Debug|x64.Build.0 = Debug|Any CPU
		{EE93BC97-53E0-4742-91ED-4C720AF59C8E}.Release|Any CPU.ActiveCfg = Release|Any CPU
		{EE93BC97-53E0-4742-91ED-4C720AF59C8E}.Release|Any CPU.Build.0 = Release|Any CPU
		{EE93BC97-53E0-4742-91ED-4C720AF59C8E}.Release|x64.ActiveCfg = Release|Any CPU
		{EE93BC97-53E0-4742-91ED-4C720AF59C8E}.Release|x64.Build.0 = Release|Any CPU
		{562EC87A-D029-4768-8F5A-83EF8F9B1739}.Debug|Any CPU.ActiveCfg = Debug|Any CPU
		{562EC87A-D029-4768-8F5A-83EF8F9B1739}.Debug|Any CPU.Build.0 = Debug|Any CPU
		{562EC87A-D029-4768-8F5A-83EF8F9B1739}.Debug|x64.ActiveCfg = Debug|Any CPU
		{562EC87A-D029-4768-8F5A-83EF8F9B1739}.Debug|x64.Build.0 = Debug|Any CPU
		{562EC87A-D029-4768-8F5A-83EF8F9B1739}.Release|Any CPU.ActiveCfg = Release|Any CPU
		{562EC87A-D029-4768-8F5A-83EF8F9B1739}.Release|Any CPU.Build.0 = Release|Any CPU
		{562EC87A-D029-4768-8F5A-83EF8F9B1739}.Release|x64.ActiveCfg = Release|Any CPU
		{562EC87A-D029-4768-8F5A-83EF8F9B1739}.Release|x64.Build.0 = Release|Any CPU
		{DA63FEF8-011E-4F3E-9355-6B606EA401C4}.Debug|Any CPU.ActiveCfg = Debug|Any CPU
		{DA63FEF8-011E-4F3E-9355-6B606EA401C4}.Debug|Any CPU.Build.0 = Debug|Any CPU
		{DA63FEF8-011E-4F3E-9355-6B606EA401C4}.Debug|x64.ActiveCfg = Debug|Any CPU
		{DA63FEF8-011E-4F3E-9355-6B606EA401C4}.Debug|x64.Build.0 = Debug|Any CPU
		{DA63FEF8-011E-4F3E-9355-6B606EA401C4}.Release|Any CPU.ActiveCfg = Release|Any CPU
		{DA63FEF8-011E-4F3E-9355-6B606EA401C4}.Release|Any CPU.Build.0 = Release|Any CPU
		{DA63FEF8-011E-4F3E-9355-6B606EA401C4}.Release|x64.ActiveCfg = Release|Any CPU
		{DA63FEF8-011E-4F3E-9355-6B606EA401C4}.Release|x64.Build.0 = Release|Any CPU
		{DE461B89-FA1D-4285-A9F9-C312614E0D96}.Debug|Any CPU.ActiveCfg = Debug|Any CPU
		{DE461B89-FA1D-4285-A9F9-C312614E0D96}.Debug|Any CPU.Build.0 = Debug|Any CPU
		{DE461B89-FA1D-4285-A9F9-C312614E0D96}.Debug|x64.ActiveCfg = Debug|Any CPU
		{DE461B89-FA1D-4285-A9F9-C312614E0D96}.Debug|x64.Build.0 = Debug|Any CPU
		{DE461B89-FA1D-4285-A9F9-C312614E0D96}.Release|Any CPU.ActiveCfg = Release|Any CPU
		{DE461B89-FA1D-4285-A9F9-C312614E0D96}.Release|Any CPU.Build.0 = Release|Any CPU
		{DE461B89-FA1D-4285-A9F9-C312614E0D96}.Release|x64.ActiveCfg = Release|Any CPU
		{DE461B89-FA1D-4285-A9F9-C312614E0D96}.Release|x64.Build.0 = Release|Any CPU
	EndGlobalSection
	GlobalSection(SolutionProperties) = preSolution
		HideSolutionNode = FALSE
	EndGlobalSection
	GlobalSection(ExtensibilityGlobals) = postSolution
		SolutionGuid = {3555E6FF-D0D4-404A-9CDD-69E5B1301CE3}
	EndGlobalSection
EndGlobal
